// !$*UTF8*$!
{
	archiveVersion = 1;
	classes = {
	};
	objectVersion = 50;
	objects = {

/* Begin PBXBuildFile section */
		ADFF4B10222F6F18008DF576 /* AppDelegate.m in Sources */ = {isa = PBXBuildFile; fileRef = ADFF4B0F222F6F18008DF576 /* AppDelegate.m */; };
		ADFF4B13222F6F18008DF576 /* ViewController.m in Sources */ = {isa = PBXBuildFile; fileRef = ADFF4B12222F6F18008DF576 /* ViewController.m */; };
		ADFF4B16222F6F18008DF576 /* Main.storyboard in Resources */ = {isa = PBXBuildFile; fileRef = ADFF4B14222F6F18008DF576 /* Main.storyboard */; };
		ADFF4B18222F6F19008DF576 /* Assets.xcassets in Resources */ = {isa = PBXBuildFile; fileRef = ADFF4B17222F6F19008DF576 /* Assets.xcassets */; };
		ADFF4B1B222F6F19008DF576 /* LaunchScreen.storyboard in Resources */ = {isa = PBXBuildFile; fileRef = ADFF4B19222F6F19008DF576 /* LaunchScreen.storyboard */; };
		ADFF4B1E222F6F19008DF576 /* main.m in Sources */ = {isa = PBXBuildFile; fileRef = ADFF4B1D222F6F19008DF576 /* main.m */; };
/* End PBXBuildFile section */

/* Begin PBXFileReference section */
		ADFF4B0B222F6F18008DF576 /* UIViewCategory.app */ = {isa = PBXFileReference; explicitFileType = wrapper.application; includeInIndex = 0; path = UIViewCategory.app; sourceTree = BUILT_PRODUCTS_DIR; };
		ADFF4B0E222F6F18008DF576 /* AppDelegate.h */ = {isa = PBXFileReference; lastKnownFileType = sourcecode.c.h; path = AppDelegate.h; sourceTree = "<group>"; };
		ADFF4B0F222F6F18008DF576 /* AppDelegate.m */ = {isa = PBXFileReference; lastKnownFileType = sourcecode.c.objc; path = AppDelegate.m; sourceTree = "<group>"; };
		ADFF4B11222F6F18008DF576 /* ViewController.h */ = {isa = PBXFileReference; lastKnownFileType = sourcecode.c.h; path = ViewController.h; sourceTree = "<group>"; };
		ADFF4B12222F6F18008DF576 /* ViewController.m */ = {isa = PBXFileReference; lastKnownFileType = sourcecode.c.objc; path = ViewController.m; sourceTree = "<group>"; };
		ADFF4B15222F6F18008DF576 /* Base */ = {isa = PBXFileReference; lastKnownFileType = file.storyboard; name = Base; path = Base.lproj/Main.storyboard; sourceTree = "<group>"; };
		ADFF4B17222F6F19008DF576 /* Assets.xcassets */ = {isa = PBXFileReference; lastKnownFileType = folder.assetcatalog; path = Assets.xcassets; sourceTree = "<group>"; };
		ADFF4B1A222F6F19008DF576 /* Base */ = {isa = PBXFileReference; lastKnownFileType = file.storyboard; name = Base; path = Base.lproj/LaunchScreen.storyboard; sourceTree = "<group>"; };
		ADFF4B1C222F6F19008DF576 /* Info.plist */ = {isa = PBXFileReference; lastKnownFileType = text.plist.xml; path = Info.plist; sourceTree = "<group>"; };
		ADFF4B1D222F6F19008DF576 /* main.m */ = {isa = PBXFileReference; lastKnownFileType = sourcecode.c.objc; path = main.m; sourceTree = "<group>"; };
/* End PBXFileReference section */

/* Begin PBXFrameworksBuildPhase section */
		ADFF4B08222F6F18008DF576 /* Frameworks */ = {
			isa = PBXFrameworksBuildPhase;
			buildActionMask = 2147483647;
			files = (
			);
			runOnlyForDeploymentPostprocessing = 0;
		};
/* End PBXFrameworksBuildPhase section */

/* Begin PBXGroup section */
		ADFF4B02222F6F18008DF576 = {
			isa = PBXGroup;
			children = (
				ADFF4B0D222F6F18008DF576 /* UIViewCategory */,
				ADFF4B0C222F6F18008DF576 /* Products */,
			);
			sourceTree = "<group>";
		};
		ADFF4B0C222F6F18008DF576 /* Products */ = {
			isa = PBXGroup;
			children = (
				ADFF4B0B222F6F18008DF576 /* UIViewCategory.app */,
			);
			name = Products;
			sourceTree = "<group>";
		};
		ADFF4B0D222F6F18008DF576 /* UIViewCategory */ = {
			isa = PBXGroup;
			children = (
				ADFF4B0E222F6F18008DF576 /* AppDelegate.h */,
				ADFF4B0F222F6F18008DF576 /* AppDelegate.m */,
				ADFF4B11222F6F18008DF576 /* ViewController.h */,
				ADFF4B12222F6F18008DF576 /* ViewController.m */,
				ADFF4B14222F6F18008DF576 /* Main.storyboard */,
				ADFF4B17222F6F19008DF576 /* Assets.xcassets */,
				ADFF4B19222F6F19008DF576 /* LaunchScreen.storyboard */,
				ADFF4B1C222F6F19008DF576 /* Info.plist */,
				ADFF4B1D222F6F19008DF576 /* main.m */,
			);
			path = UIViewCategory;
			sourceTree = "<group>";
		};
/* End PBXGroup section */

/* Begin PBXNativeTarget section */
		ADFF4B0A222F6F18008DF576 /* UIViewCategory */ = {
			isa = PBXNativeTarget;
			buildConfigurationList = ADFF4B21222F6F19008DF576 /* Build configuration list for PBXNativeTarget "UIViewCategory" */;
			buildPhases = (
				ADFF4B07222F6F18008DF576 /* Sources */,
				ADFF4B08222F6F18008DF576 /* Frameworks */,
				ADFF4B09222F6F18008DF576 /* Resources */,
			);
			buildRules = (
			);
			dependencies = (
			);
			name = UIViewCategory;
			productName = UIViewCategory;
			productReference = ADFF4B0B222F6F18008DF576 /* UIViewCategory.app */;
			productType = "com.apple.product-type.application";
		};
/* End PBXNativeTarget section */

/* Begin PBXProject section */
		ADFF4B03222F6F18008DF576 /* Project object */ = {
			isa = PBXProject;
			attributes = {
				LastUpgradeCheck = 1010;
				ORGANIZATIONNAME = gejiangs;
				TargetAttributes = {
					ADFF4B0A222F6F18008DF576 = {
						CreatedOnToolsVersion = 10.1;
					};
				};
			};
			buildConfigurationList = ADFF4B06222F6F18008DF576 /* Build configuration list for PBXProject "UIViewCategory" */;
			compatibilityVersion = "Xcode 9.3";
			developmentRegion = en;
			hasScannedForEncodings = 0;
			knownRegions = (
				en,
				Base,
			);
			mainGroup = ADFF4B02222F6F18008DF576;
			productRefGroup = ADFF4B0C222F6F18008DF576 /* Products */;
			projectDirPath = "";
			projectRoot = "";
			targets = (
				ADFF4B0A222F6F18008DF576 /* UIViewCategory */,
			);
		};
/* End PBXProject section */

/* Begin PBXResourcesBuildPhase section */
		ADFF4B09222F6F18008DF576 /* Resources */ = {
			isa = PBXResourcesBuildPhase;
			buildActionMask = 2147483647;
			files = (
				ADFF4B1B222F6F19008DF576 /* LaunchScreen.storyboard in Resources */,
				ADFF4B18222F6F19008DF576 /* Assets.xcassets in Resources */,
				ADFF4B16222F6F18008DF576 /* Main.storyboard in Resources */,
			);
			runOnlyForDeploymentPostprocessing = 0;
		};
/* End PBXResourcesBuildPhase section */

/* Begin PBXSourcesBuildPhase section */
		ADFF4B07222F6F18008DF576 /* Sources */ = {
			isa = PBXSourcesBuildPhase;
			buildActionMask = 2147483647;
			files = (
				ADFF4B13222F6F18008DF576 /* ViewController.m in Sources */,
				ADFF4B1E222F6F19008DF576 /* main.m in Sources */,
				ADFF4B10222F6F18008DF576 /* AppDelegate.m in Sources */,
			);
			runOnlyForDeploymentPostprocessing = 0;
		};
/* End PBXSourcesBuildPhase section */

/* Begin PBXVariantGroup section */
		ADFF4B14222F6F18008DF576 /* Main.storyboard */ = {
			isa = PBXVariantGroup;
			children = (
				ADFF4B15222F6F18008DF576 /* Base */,
			);
			name = Main.storyboard;
			sourceTree = "<group>";
		};
		ADFF4B19222F6F19008DF576 /* LaunchScreen.storyboard */ = {
			isa = PBXVariantGroup;
			children = (
				ADFF4B1A222F6F19008DF576 /* Base */,
			);
			name = LaunchScreen.storyboard;
			sourceTree = "<group>";
		};
/* End PBXVariantGroup section */

/* Begin XCBuildConfiguration section */
		ADFF4B1F222F6F19008DF576 /* Debug */ = {
			isa = XCBuildConfiguration;
			buildSettings = {
				ALWAYS_SEARCH_USER_PATHS = NO;
				CLANG_ANALYZER_NONNULL = YES;
				CLANG_ANALYZER_NUMBER_OBJECT_CONVERSION = YES_AGGRESSIVE;
				CLANG_CXX_LANGUAGE_STANDARD = "gnu++14";
				CLANG_CXX_LIBRARY = "libc++";
				CLANG_ENABLE_MODULES = YES;
				CLANG_ENABLE_OBJC_ARC = YES;
				CLANG_ENABLE_OBJC_WEAK = YES;
				CLANG_WARN_BLOCK_CAPTURE_AUTORELEASING = YES;
				CLANG_WARN_BOOL_CONVERSION = YES;
				CLANG_WARN_COMMA = YES;
				CLANG_WARN_CONSTANT_CONVERSION = YES;
				CLANG_WARN_DEPRECATED_OBJC_IMPLEMENTATIONS = YES;
				CLANG_WARN_DIRECT_OBJC_ISA_USAGE = YES_ERROR;
				CLANG_WARN_DOCUMENTATION_COMMENTS = YES;
				CLANG_WARN_EMPTY_BODY = YES;
				CLANG_WARN_ENUM_CONVERSION = YES;
				CLANG_WARN_INFINITE_RECURSION = YES;
				CLANG_WARN_INT_CONVERSION = YES;
				CLANG_WARN_NON_LITERAL_NULL_CONVERSION = YES;
				CLANG_WARN_OBJC_IMPLICIT_RETAIN_SELF = YES;
				CLANG_WARN_OBJC_LITERAL_CONVERSION = YES;
				CLANG_WARN_OBJC_ROOT_CLASS = YES_ERROR;
				CLANG_WARN_RANGE_LOOP_ANALYSIS = YES;
				CLANG_WARN_STRICT_PROTOTYPES = YES;
				CLANG_WARN_SUSPICIOUS_MOVE = YES;
				CLANG_WARN_UNGUARDED_AVAILABILITY = YES_AGGRESSIVE;
				CLANG_WARN_UNREACHABLE_CODE = YES;
				CLANG_WARN__DUPLICATE_METHOD_MATCH = YES;
				CODE_SIGN_IDENTITY = "iPhone Developer";
				COPY_PHASE_STRIP = NO;
				DEBUG_INFORMATION_FORMAT = dwarf;
				ENABLE_STRICT_OBJC_MSGSEND = YES;
				ENABLE_TESTABILITY = YES;
				GCC_C_LANGUAGE_STANDARD = gnu11;
				GCC_DYNAMIC_NO_PIC = NO;
				GCC_NO_COMMON_BLOCKS = YES;
				GCC_OPTIMIZATION_LEVEL = 0;
				GCC_PREPROCESSOR_DEFINITIONS = (
					"DEBUG=1",
					"$(inherited)",
				);
				GCC_WARN_64_TO_32_BIT_CONVERSION = YES;
				GCC_WARN_ABOUT_RETURN_TYPE = YES_ERROR;
				GCC_WARN_UNDECLARED_SELECTOR = YES;
				GCC_WARN_UNINITIALIZED_AUTOS = YES_AGGRESSIVE;
				GCC_WARN_UNUSED_FUNCTION = YES;
				GCC_WARN_UNUSED_VARIABLE = YES;
				IPHONEOS_DEPLOYMENT_TARGET = 12.1;
				MTL_ENABLE_DEBUG_INFO = INCLUDE_SOURCE;
				MTL_FAST_MATH = YES;
				ONLY_ACTIVE_ARCH = YES;
				SDKROOT = iphoneos;
			};
			name = Debug;
		};
		ADFF4B20222F6F19008DF576 /* Release */ = {
			isa = XCBuildConfiguration;
			buildSettings = {
				ALWAYS_SEARCH_USER_PATHS = NO;
				CLANG_ANALYZER_NONNULL = YES;
				CLANG_ANALYZER_NUMBER_OBJECT_CONVERSION = YES_AGGRESSIVE;
				CLANG_CXX_LANGUAGE_STANDARD = "gnu++14";
				CLANG_CXX_LIBRARY = "libc++";
				CLANG_ENABLE_MODULES = YES;
				CLANG_ENABLE_OBJC_ARC = YES;
				CLANG_ENABLE_OBJC_WEAK = YES;
				CLANG_WARN_BLOCK_CAPTURE_AUTORELEASING = YES;
				CLANG_WARN_BOOL_CONVERSION = YES;
				CLANG_WARN_COMMA = YES;
				CLANG_WARN_CONSTANT_CONVERSION = YES;
				CLANG_WARN_DEPRECATED_OBJC_IMPLEMENTATIONS = YES;
				CLANG_WARN_DIRECT_OBJC_ISA_USAGE = YES_ERROR;
				CLANG_WARN_DOCUMENTATION_COMMENTS = YES;
				CLANG_WARN_EMPTY_BODY = YES;
				CLANG_WARN_ENUM_CONVERSION = YES;
				CLANG_WARN_INFINITE_RECURSION = YES;
				CLANG_WARN_INT_CONVERSION = YES;
				CLANG_WARN_NON_LITERAL_NULL_CONVERSION = YES;
				CLANG_WARN_OBJC_IMPLICIT_RETAIN_SELF = YES;
				CLANG_WARN_OBJC_LITERAL_CONVERSION = YES;
				CLANG_WARN_OBJC_ROOT_CLASS = YES_ERROR;
				CLANG_WARN_RANGE_LOOP_ANALYSIS = YES;
				CLANG_WARN_STRICT_PROTOTYPES = YES;
				CLANG_WARN_SUSPICIOUS_MOVE = YES;
				CLANG_WARN_UNGUARDED_AVAILABILITY = YES_AGGRESSIVE;
				CLANG_WARN_UNREACHABLE_CODE = YES;
				CLANG_WARN__DUPLICATE_METHOD_MATCH = YES;
				CODE_SIGN_IDENTITY = "iPhone Developer";
				COPY_PHASE_STRIP = NO;
				DEBUG_INFORMATION_FORMAT = "dwarf-with-dsym";
				ENABLE_NS_ASSERTIONS = NO;
				ENABLE_STRICT_OBJC_MSGSEND = YES;
				GCC_C_LANGUAGE_STANDARD = gnu11;
				GCC_NO_COMMON_BLOCKS = YES;
				GCC_WARN_64_TO_32_BIT_CONVERSION = YES;
				GCC_WARN_ABOUT_RETURN_TYPE = YES_ERROR;
				GCC_WARN_UNDECLARED_SELECTOR = YES;
				GCC_WARN_UNINITIALIZED_AUTOS = YES_AGGRESSIVE;
				GCC_WARN_UNUSED_FUNCTION = YES;
				GCC_WARN_UNUSED_VARIABLE = YES;
				IPHONEOS_DEPLOYMENT_TARGET = 12.1;
				MTL_ENABLE_DEBUG_INFO = NO;
				MTL_FAST_MATH = YES;
				SDKROOT = iphoneos;
				VALIDATE_PRODUCT = YES;
			};
			name = Release;
		};
		ADFF4B22222F6F19008DF576 /* Debug */ = {
			isa = XCBuildConfiguration;
			buildSettings = {
				ASSETCATALOG_COMPILER_APPICON_NAME = AppIcon;
				CODE_SIGN_STYLE = Automatic;
				DEVELOPMENT_TEAM = B4VX949QFW;
				INFOPLIST_FILE = UIViewCategory/Info.plist;
				LD_RUNPATH_SEARCH_PATHS = (
					"$(inherited)",
					"@executable_path/Frameworks",
				);
				PRODUCT_BUNDLE_IDENTIFIER = com.gejiangs.UIViewCategory;
				PRODUCT_NAME = "$(TARGET_NAME)";
				TARGETED_DEVICE_FAMILY = "1,2";
			};
			name = Debug;
		};
		ADFF4B23222F6F19008DF576 /* Release */ = {
			isa = XCBuildConfiguration;
			buildSettings = {
				ASSETCATALOG_COMPILER_APPICON_NAME = AppIcon;
				CODE_SIGN_STYLE = Automatic;
				DEVELOPMENT_TEAM = B4VX949QFW;
				INFOPLIST_FILE = UIViewCategory/Info.plist;
				LD_RUNPATH_SEARCH_PATHS = (
					"$(inherited)",
					"@executable_path/Frameworks",
				);
				PRODUCT_BUNDLE_IDENTIFIER = com.gejiangs.UIViewCategory;
				PRODUCT_NAME = "$(TARGET_NAME)";
				TARGETED_DEVICE_FAMILY = "1,2";
			};
			name = Release;
		};
/* End XCBuildConfiguration section */

/* Begin XCConfigurationList section */
		ADFF4B06222F6F18008DF576 /* Build configuration list for PBXProject "UIViewCategory" */ = {
			isa = XCConfigurationList;
			buildConfigurations = (
				ADFF4B1F222F6F19008DF576 /* Debug */,
				ADFF4B20222F6F19008DF576 /* Release */,
			);
			defaultConfigurationIsVisible = 0;
			defaultConfigurationName = Release;
		};
		ADFF4B21222F6F19008DF576 /* Build configuration list for PBXNativeTarget "UIViewCategory" */ = {
			isa = XCConfigurationList;
			buildConfigurations = (
				ADFF4B22222F6F19008DF576 /* Debug */,
				ADFF4B23222F6F19008DF576 /* Release */,
			);
			defaultConfigurationIsVisible = 0;
			defaultConfigurationName = Release;
		};
/* End XCConfigurationList section */
	};
	rootObject = ADFF4B03222F6F18008DF576 /* Project object */;
}
